
Microsoft Visual Studio Solution File, Format Version 12.00
# Visual Studio 15
VisualStudioVersion = 15.0.28307.1705
MinimumVisualStudioVersion = 10.0.40219.1
Project("{FAE04EC0-301F-11D3-BF4B-00C04F79EFBC}") = "asp_net_core_web_app", "asp_net_core_web_app\asp_net_core_web_app.csproj", "{B3528EC0-7335-4A8A-A495-1E930272B941}"
EndProject
Global
	GlobalSection(SolutionConfigurationPlatforms) = preSolution
		Debug|Any CPU = Debug|Any CPU
		Release|Any CPU = Release|Any CPU
	EndGlobalSection
	GlobalSection(ProjectConfigurationPlatforms) = postSolution
		{B3528EC0-7335-4A8A-A495-1E930272B941}.Debug|Any CPU.ActiveCfg = Debug|Any CPU
		{B3528EC0-7335-4A8A-A495-1E930272B941}.Debug|Any CPU.Build.0 = Debug|Any CPU
		{B3528EC0-7335-4A8A-A495-1E930272B941}.Release|Any CPU.ActiveCfg = Release|Any CPU
		{B3528EC0-7335-4A8A-A495-1E930272B941}.Release|Any CPU.Build.0 = Release|Any CPU
	EndGlobalSection
	GlobalSection(SolutionProperties) = preSolution
		HideSolutionNode = FALSE
	EndGlobalSection
	GlobalSection(ExtensibilityGlobals) = postSolution
		SolutionGuid = {269D7215-BF0B-4A3C-9D2D-A643ED1755F5}
	EndGlobalSection
EndGlobal
